
Microsoft Visual Studio Solution File, Format Version 12.00
# Visual Studio Version 17
VisualStudioVersion = 17.4.33403.182
MinimumVisualStudioVersion = 10.0.40219.1
Project("{FAE04EC0-301F-11D3-BF4B-00C04F79EFBC}") = "UpSchool.Console", "UpSchool.Console\UpSchool.Console.csproj", "{4DEC4D4F-149C-44DD-A41B-BBCADE45A064}"
EndProject
Project("{FAE04EC0-301F-11D3-BF4B-00C04F79EFBC}") = "UpSchool.Domain", "UpSchool.Domain\UpSchool.Domain.csproj", "{D887B171-9933-4480-8002-923576480192}"
EndProject
Project("{FAE04EC0-301F-11D3-BF4B-00C04F79EFBC}") = "UpSchool.Wasm", "UpSchool.Wasm\UpSchool.Wasm.csproj", "{2F2B0EEB-43A6-45E0-8F13-D68AAFA46523}"
EndProject
Global
	GlobalSection(SolutionConfigurationPlatforms) = preSolution
		Debug|Any CPU = Debug|Any CPU
		Release|Any CPU = Release|Any CPU
	EndGlobalSection
	GlobalSection(ProjectConfigurationPlatforms) = postSolution
		{4DEC4D4F-149C-44DD-A41B-BBCADE45A064}.Debug|Any CPU.ActiveCfg = Debug|Any CPU
		{4DEC4D4F-149C-44DD-A41B-BBCADE45A064}.Debug|Any CPU.Build.0 = Debug|Any CPU
		{4DEC4D4F-149C-44DD-A41B-BBCADE45A064}.Release|Any CPU.ActiveCfg = Release|Any CPU
		{4DEC4D4F-149C-44DD-A41B-BBCADE45A064}.Release|Any CPU.Build.0 = Release|Any CPU
		{D887B171-9933-4480-8002-923576480192}.Debug|Any CPU.ActiveCfg = Debug|Any CPU
		{D887B171-9933-4480-8002-923576480192}.Debug|Any CPU.Build.0 = Debug|Any CPU
		{D887B171-9933-4480-8002-923576480192}.Release|Any CPU.ActiveCfg = Release|Any CPU
		{D887B171-9933-4480-8002-923576480192}.Release|Any CPU.Build.0 = Release|Any CPU
		{2F2B0EEB-43A6-45E0-8F13-D68AAFA46523}.Debug|Any CPU.ActiveCfg = Debug|Any CPU
		{2F2B0EEB-43A6-45E0-8F13-D68AAFA46523}.Debug|Any CPU.Build.0 = Debug|Any CPU
		{2F2B0EEB-43A6-45E0-8F13-D68AAFA46523}.Release|Any CPU.ActiveCfg = Release|Any CPU
		{2F2B0EEB-43A6-45E0-8F13-D68AAFA46523}.Release|Any CPU.Build.0 = Release|Any CPU
	EndGlobalSection
	GlobalSection(SolutionProperties) = preSolution
		HideSolutionNode = FALSE
	EndGlobalSection
	GlobalSection(ExtensibilityGlobals) = postSolution
		SolutionGuid = {120487EC-3D6C-49E3-9051-88340E6C8953}
	EndGlobalSection
EndGlobal
